
Microsoft Visual Studio Solution File, Format Version 12.00
# Visual Studio 15
VisualStudioVersion = 15.0.26124.0
MinimumVisualStudioVersion = 15.0.26124.0
Project("{2150E333-8FDC-42A3-9474-1A3956D46DE8}") = "Presentation", "Presentation", "{E4D98005-4D8B-4BBB-A127-AB94C0A56798}"
EndProject
Project("{FAE04EC0-301F-11D3-BF4B-00C04F79EFBC}") = "WebApi", "1 Apresentacao\WebApi\WebApi.csproj", "{47D31643-B33B-446C-AFB0-B125971530DA}"
EndProject
Project("{2150E333-8FDC-42A3-9474-1A3956D46DE8}") = "Negocio", "Negocio", "{6D6DD4A2-3C3D-4B27-A9CB-C0FF0095853D}"
EndProject
Project("{FAE04EC0-301F-11D3-BF4B-00C04F79EFBC}") = "Dominio", "2 Negocio\Dominio\Dominio.csproj", "{916EE2C5-A226-467B-97B1-DA6220D0B011}"
EndProject
Project("{FAE04EC0-301F-11D3-BF4B-00C04F79EFBC}") = "Negocio", "2 Negocio\Negocio\Negocio.csproj", "{B0171EBF-FA80-4221-A723-2941F04FD6EA}"
EndProject
Project("{2150E333-8FDC-42A3-9474-1A3956D46DE8}") = "Infraestrutura", "Infraestrutura", "{E474855F-F7D5-472E-B270-6B3CF63DCC64}"
EndProject
Project("{FAE04EC0-301F-11D3-BF4B-00C04F79EFBC}") = "Dados", "3 Infraestrutura\Dados\Dados.csproj", "{C489916D-D3B1-4F6D-813C-14C79A29698B}"
EndProject
Global
	GlobalSection(SolutionConfigurationPlatforms) = preSolution
		Debug|Any CPU = Debug|Any CPU
		Debug|x64 = Debug|x64
		Debug|x86 = Debug|x86
		Release|Any CPU = Release|Any CPU
		Release|x64 = Release|x64
		Release|x86 = Release|x86
	EndGlobalSection
	GlobalSection(SolutionProperties) = preSolution
		HideSolutionNode = FALSE
	EndGlobalSection
	GlobalSection(ProjectConfigurationPlatforms) = postSolution
		{47D31643-B33B-446C-AFB0-B125971530DA}.Debug|Any CPU.ActiveCfg = Debug|Any CPU
		{47D31643-B33B-446C-AFB0-B125971530DA}.Debug|Any CPU.Build.0 = Debug|Any CPU
		{47D31643-B33B-446C-AFB0-B125971530DA}.Debug|x64.ActiveCfg = Debug|Any CPU
		{47D31643-B33B-446C-AFB0-B125971530DA}.Debug|x64.Build.0 = Debug|Any CPU
		{47D31643-B33B-446C-AFB0-B125971530DA}.Debug|x86.ActiveCfg = Debug|Any CPU
		{47D31643-B33B-446C-AFB0-B125971530DA}.Debug|x86.Build.0 = Debug|Any CPU
		{47D31643-B33B-446C-AFB0-B125971530DA}.Release|Any CPU.ActiveCfg = Release|Any CPU
		{47D31643-B33B-446C-AFB0-B125971530DA}.Release|Any CPU.Build.0 = Release|Any CPU
		{47D31643-B33B-446C-AFB0-B125971530DA}.Release|x64.ActiveCfg = Release|Any CPU
		{47D31643-B33B-446C-AFB0-B125971530DA}.Release|x64.Build.0 = Release|Any CPU
		{47D31643-B33B-446C-AFB0-B125971530DA}.Release|x86.ActiveCfg = Release|Any CPU
		{47D31643-B33B-446C-AFB0-B125971530DA}.Release|x86.Build.0 = Release|Any CPU
		{916EE2C5-A226-467B-97B1-DA6220D0B011}.Debug|Any CPU.ActiveCfg = Debug|Any CPU
		{916EE2C5-A226-467B-97B1-DA6220D0B011}.Debug|Any CPU.Build.0 = Debug|Any CPU
		{916EE2C5-A226-467B-97B1-DA6220D0B011}.Debug|x64.ActiveCfg = Debug|Any CPU
		{916EE2C5-A226-467B-97B1-DA6220D0B011}.Debug|x64.Build.0 = Debug|Any CPU
		{916EE2C5-A226-467B-97B1-DA6220D0B011}.Debug|x86.ActiveCfg = Debug|Any CPU
		{916EE2C5-A226-467B-97B1-DA6220D0B011}.Debug|x86.Build.0 = Debug|Any CPU
		{916EE2C5-A226-467B-97B1-DA6220D0B011}.Release|Any CPU.ActiveCfg = Release|Any CPU
		{916EE2C5-A226-467B-97B1-DA6220D0B011}.Release|Any CPU.Build.0 = Release|Any CPU
		{916EE2C5-A226-467B-97B1-DA6220D0B011}.Release|x64.ActiveCfg = Release|Any CPU
		{916EE2C5-A226-467B-97B1-DA6220D0B011}.Release|x64.Build.0 = Release|Any CPU
		{916EE2C5-A226-467B-97B1-DA6220D0B011}.Release|x86.ActiveCfg = Release|Any CPU
		{916EE2C5-A226-467B-97B1-DA6220D0B011}.Release|x86.Build.0 = Release|Any CPU
		{B0171EBF-FA80-4221-A723-2941F04FD6EA}.Debug|Any CPU.ActiveCfg = Debug|Any CPU
		{B0171EBF-FA80-4221-A723-2941F04FD6EA}.Debug|Any CPU.Build.0 = Debug|Any CPU
		{B0171EBF-FA80-4221-A723-2941F04FD6EA}.Debug|x64.ActiveCfg = Debug|Any CPU
		{B0171EBF-FA80-4221-A723-2941F04FD6EA}.Debug|x64.Build.0 = Debug|Any CPU
		{B0171EBF-FA80-4221-A723-2941F04FD6EA}.Debug|x86.ActiveCfg = Debug|Any CPU
		{B0171EBF-FA80-4221-A723-2941F04FD6EA}.Debug|x86.Build.0 = Debug|Any CPU
		{B0171EBF-FA80-4221-A723-2941F04FD6EA}.Release|Any CPU.ActiveCfg = Release|Any CPU
		{B0171EBF-FA80-4221-A723-2941F04FD6EA}.Release|Any CPU.Build.0 = Release|Any CPU
		{B0171EBF-FA80-4221-A723-2941F04FD6EA}.Release|x64.ActiveCfg = Release|Any CPU
		{B0171EBF-FA80-4221-A723-2941F04FD6EA}.Release|x64.Build.0 = Release|Any CPU
		{B0171EBF-FA80-4221-A723-2941F04FD6EA}.Release|x86.ActiveCfg = Release|Any CPU
		{B0171EBF-FA80-4221-A723-2941F04FD6EA}.Release|x86.Build.0 = Release|Any CPU
		{C489916D-D3B1-4F6D-813C-14C79A29698B}.Debug|Any CPU.ActiveCfg = Debug|Any CPU
		{C489916D-D3B1-4F6D-813C-14C79A29698B}.Debug|Any CPU.Build.0 = Debug|Any CPU
		{C489916D-D3B1-4F6D-813C-14C79A29698B}.Debug|x64.ActiveCfg = Debug|Any CPU
		{C489916D-D3B1-4F6D-813C-14C79A29698B}.Debug|x64.Build.0 = Debug|Any CPU
		{C489916D-D3B1-4F6D-813C-14C79A29698B}.Debug|x86.ActiveCfg = Debug|Any CPU
		{C489916D-D3B1-4F6D-813C-14C79A29698B}.Debug|x86.Build.0 = Debug|Any CPU
		{C489916D-D3B1-4F6D-813C-14C79A29698B}.Release|Any CPU.ActiveCfg = Release|Any CPU
		{C489916D-D3B1-4F6D-813C-14C79A29698B}.Release|Any CPU.Build.0 = Release|Any CPU
		{C489916D-D3B1-4F6D-813C-14C79A29698B}.Release|x64.ActiveCfg = Release|Any CPU
		{C489916D-D3B1-4F6D-813C-14C79A29698B}.Release|x64.Build.0 = Release|Any CPU
		{C489916D-D3B1-4F6D-813C-14C79A29698B}.Release|x86.ActiveCfg = Release|Any CPU
		{C489916D-D3B1-4F6D-813C-14C79A29698B}.Release|x86.Build.0 = Release|Any CPU
	EndGlobalSection
	GlobalSection(NestedProjects) = preSolution
		{47D31643-B33B-446C-AFB0-B125971530DA} = {E4D98005-4D8B-4BBB-A127-AB94C0A56798}
		{916EE2C5-A226-467B-97B1-DA6220D0B011} = {6D6DD4A2-3C3D-4B27-A9CB-C0FF0095853D}
		{B0171EBF-FA80-4221-A723-2941F04FD6EA} = {6D6DD4A2-3C3D-4B27-A9CB-C0FF0095853D}
		{C489916D-D3B1-4F6D-813C-14C79A29698B} = {E474855F-F7D5-472E-B270-6B3CF63DCC64}
	EndGlobalSection
EndGlobal
